// !$*UTF8*$!
{
	archiveVersion = 1;
	classes = {
	};
	objectVersion = 46;
	objects = {

/* Begin PBXBuildFile section */
		4CE5E11B1BFD081100E0035A /* main.m in Sources */ = {isa = PBXBuildFile; fileRef = 4CE5E11A1BFD081100E0035A /* main.m */; };
		4CE5E11E1BFD081100E0035A /* AppDelegate.m in Sources */ = {isa = PBXBuildFile; fileRef = 4CE5E11D1BFD081100E0035A /* AppDelegate.m */; };
		4CE5E1211BFD081100E0035A /* HomeViewController.m in Sources */ = {isa = PBXBuildFile; fileRef = 4CE5E1201BFD081100E0035A /* HomeViewController.m */; };
		4CE5E1271BFD081100E0035A /* Modd.xcdatamodeld in Sources */ = {isa = PBXBuildFile; fileRef = 4CE5E1251BFD081100E0035A /* Modd.xcdatamodeld */; };
		4CE5E1291BFD081100E0035A /* Assets.xcassets in Resources */ = {isa = PBXBuildFile; fileRef = 4CE5E1281BFD081100E0035A /* Assets.xcassets */; };
		4CE5E12C1BFD081100E0035A /* LaunchScreen.storyboard in Resources */ = {isa = PBXBuildFile; fileRef = 4CE5E12A1BFD081100E0035A /* LaunchScreen.storyboard */; };
		4CE5E1371BFD081100E0035A /* ModdTests.m in Sources */ = {isa = PBXBuildFile; fileRef = 4CE5E1361BFD081100E0035A /* ModdTests.m */; };
		4CE5E1421BFD081200E0035A /* ModdUITests.m in Sources */ = {isa = PBXBuildFile; fileRef = 4CE5E1411BFD081200E0035A /* ModdUITests.m */; };
		4CE5E1551BFD0A6C00E0035A /* ChannelVO.m in Sources */ = {isa = PBXBuildFile; fileRef = 4CE5E1531BFD0A6C00E0035A /* ChannelVO.m */; };
		4CE5E15A1BFD0B0800E0035A /* ChannelViewController.m in Sources */ = {isa = PBXBuildFile; fileRef = 4CE5E1591BFD0B0800E0035A /* ChannelViewController.m */; };
		4CE5E15E1BFD0B4000E0035A /* FontAllocator.m in Sources */ = {isa = PBXBuildFile; fileRef = 4CE5E15C1BFD0B4000E0035A /* FontAllocator.m */; };
		4CE5E1611BFD0BB500E0035A /* TableViewCell.m in Sources */ = {isa = PBXBuildFile; fileRef = 4CE5E15F1BFD0BB500E0035A /* TableViewCell.m */; };
		4CE5E1661BFD0E6400E0035A /* HomeViewCell.m in Sources */ = {isa = PBXBuildFile; fileRef = 4CE5E1641BFD0E6400E0035A /* HomeViewCell.m */; };
		86BFF3CEB0C1C7FA2C22B43D /* libPods-Modd.a in Frameworks */ = {isa = PBXBuildFile; fileRef = CF189041CA9A90D01F14487F /* libPods-Modd.a */; };
/* End PBXBuildFile section */

/* Begin PBXContainerItemProxy section */
		4CE5E1331BFD081100E0035A /* PBXContainerItemProxy */ = {
			isa = PBXContainerItemProxy;
			containerPortal = 4CE5E10E1BFD081100E0035A /* Project object */;
			proxyType = 1;
			remoteGlobalIDString = 4CE5E1151BFD081100E0035A;
			remoteInfo = Modd;
		};
		4CE5E13E1BFD081200E0035A /* PBXContainerItemProxy */ = {
			isa = PBXContainerItemProxy;
			containerPortal = 4CE5E10E1BFD081100E0035A /* Project object */;
			proxyType = 1;
			remoteGlobalIDString = 4CE5E1151BFD081100E0035A;
			remoteInfo = Modd;
		};
/* End PBXContainerItemProxy section */

/* Begin PBXFileReference section */
		477E4BB7910E2F9829D997B1 /* Pods-Modd.release.xcconfig */ = {isa = PBXFileReference; includeInIndex = 1; lastKnownFileType = text.xcconfig; name = "Pods-Modd.release.xcconfig"; path = "Pods/Target Support Files/Pods-Modd/Pods-Modd.release.xcconfig"; sourceTree = "<group>"; };
		4CE5E1161BFD081100E0035A /* Modd.app */ = {isa = PBXFileReference; explicitFileType = wrapper.application; includeInIndex = 0; path = Modd.app; sourceTree = BUILT_PRODUCTS_DIR; };
		4CE5E11A1BFD081100E0035A /* main.m */ = {isa = PBXFileReference; lastKnownFileType = sourcecode.c.objc; path = main.m; sourceTree = "<group>"; };
		4CE5E11C1BFD081100E0035A /* AppDelegate.h */ = {isa = PBXFileReference; lastKnownFileType = sourcecode.c.h; path = AppDelegate.h; sourceTree = "<group>"; };
		4CE5E11D1BFD081100E0035A /* AppDelegate.m */ = {isa = PBXFileReference; lastKnownFileType = sourcecode.c.objc; path = AppDelegate.m; sourceTree = "<group>"; };
		4CE5E11F1BFD081100E0035A /* HomeViewController.h */ = {isa = PBXFileReference; lastKnownFileType = sourcecode.c.h; path = HomeViewController.h; sourceTree = "<group>"; };
		4CE5E1201BFD081100E0035A /* HomeViewController.m */ = {isa = PBXFileReference; lastKnownFileType = sourcecode.c.objc; path = HomeViewController.m; sourceTree = "<group>"; };
		4CE5E1261BFD081100E0035A /* Modd.xcdatamodel */ = {isa = PBXFileReference; lastKnownFileType = wrapper.xcdatamodel; path = Modd.xcdatamodel; sourceTree = "<group>"; };
		4CE5E1281BFD081100E0035A /* Assets.xcassets */ = {isa = PBXFileReference; lastKnownFileType = folder.assetcatalog; path = Assets.xcassets; sourceTree = "<group>"; };
		4CE5E12B1BFD081100E0035A /* Base */ = {isa = PBXFileReference; lastKnownFileType = file.storyboard; name = Base; path = Base.lproj/LaunchScreen.storyboard; sourceTree = "<group>"; };
		4CE5E12D1BFD081100E0035A /* Info.plist */ = {isa = PBXFileReference; lastKnownFileType = text.plist.xml; path = Info.plist; sourceTree = "<group>"; };
		4CE5E1321BFD081100E0035A /* ModdTests.xctest */ = {isa = PBXFileReference; explicitFileType = wrapper.cfbundle; includeInIndex = 0; path = ModdTests.xctest; sourceTree = BUILT_PRODUCTS_DIR; };
		4CE5E1361BFD081100E0035A /* ModdTests.m */ = {isa = PBXFileReference; lastKnownFileType = sourcecode.c.objc; path = ModdTests.m; sourceTree = "<group>"; };
		4CE5E1381BFD081100E0035A /* Info.plist */ = {isa = PBXFileReference; lastKnownFileType = text.plist.xml; path = Info.plist; sourceTree = "<group>"; };
		4CE5E13D1BFD081200E0035A /* ModdUITests.xctest */ = {isa = PBXFileReference; explicitFileType = wrapper.cfbundle; includeInIndex = 0; path = ModdUITests.xctest; sourceTree = BUILT_PRODUCTS_DIR; };
		4CE5E1411BFD081200E0035A /* ModdUITests.m */ = {isa = PBXFileReference; lastKnownFileType = sourcecode.c.objc; path = ModdUITests.m; sourceTree = "<group>"; };
		4CE5E1431BFD081200E0035A /* Info.plist */ = {isa = PBXFileReference; lastKnownFileType = text.plist.xml; path = Info.plist; sourceTree = "<group>"; };
		4CE5E1531BFD0A6C00E0035A /* ChannelVO.m */ = {isa = PBXFileReference; fileEncoding = 4; lastKnownFileType = sourcecode.c.objc; path = ChannelVO.m; sourceTree = "<group>"; };
		4CE5E1541BFD0A6C00E0035A /* ChannelVO.h */ = {isa = PBXFileReference; fileEncoding = 4; lastKnownFileType = sourcecode.c.h; path = ChannelVO.h; sourceTree = "<group>"; };
		4CE5E1581BFD0B0800E0035A /* ChannelViewController.h */ = {isa = PBXFileReference; fileEncoding = 4; lastKnownFileType = sourcecode.c.h; path = ChannelViewController.h; sourceTree = "<group>"; };
		4CE5E1591BFD0B0800E0035A /* ChannelViewController.m */ = {isa = PBXFileReference; fileEncoding = 4; lastKnownFileType = sourcecode.c.objc; path = ChannelViewController.m; sourceTree = "<group>"; };
		4CE5E15C1BFD0B4000E0035A /* FontAllocator.m */ = {isa = PBXFileReference; fileEncoding = 4; lastKnownFileType = sourcecode.c.objc; path = FontAllocator.m; sourceTree = "<group>"; };
		4CE5E15D1BFD0B4000E0035A /* FontAllocator.h */ = {isa = PBXFileReference; fileEncoding = 4; lastKnownFileType = sourcecode.c.h; path = FontAllocator.h; sourceTree = "<group>"; };
		4CE5E15F1BFD0BB500E0035A /* TableViewCell.m */ = {isa = PBXFileReference; fileEncoding = 4; lastKnownFileType = sourcecode.c.objc; path = TableViewCell.m; sourceTree = "<group>"; };
		4CE5E1601BFD0BB500E0035A /* TableViewCell.h */ = {isa = PBXFileReference; fileEncoding = 4; lastKnownFileType = sourcecode.c.h; path = TableViewCell.h; sourceTree = "<group>"; };
		4CE5E1641BFD0E6400E0035A /* HomeViewCell.m */ = {isa = PBXFileReference; fileEncoding = 4; lastKnownFileType = sourcecode.c.objc; path = HomeViewCell.m; sourceTree = "<group>"; };
		4CE5E1651BFD0E6400E0035A /* HomeViewCell.h */ = {isa = PBXFileReference; fileEncoding = 4; lastKnownFileType = sourcecode.c.h; path = HomeViewCell.h; sourceTree = "<group>"; };
		9F84616ECCD5F144799947F9 /* Pods-Modd.debug.xcconfig */ = {isa = PBXFileReference; includeInIndex = 1; lastKnownFileType = text.xcconfig; name = "Pods-Modd.debug.xcconfig"; path = "Pods/Target Support Files/Pods-Modd/Pods-Modd.debug.xcconfig"; sourceTree = "<group>"; };
		CF189041CA9A90D01F14487F /* libPods-Modd.a */ = {isa = PBXFileReference; explicitFileType = archive.ar; includeInIndex = 0; path = "libPods-Modd.a"; sourceTree = BUILT_PRODUCTS_DIR; };
/* End PBXFileReference section */

/* Begin PBXFrameworksBuildPhase section */
		4CE5E1131BFD081100E0035A /* Frameworks */ = {
			isa = PBXFrameworksBuildPhase;
			buildActionMask = 2147483647;
			files = (
				86BFF3CEB0C1C7FA2C22B43D /* libPods-Modd.a in Frameworks */,
			);
			runOnlyForDeploymentPostprocessing = 0;
		};
		4CE5E12F1BFD081100E0035A /* Frameworks */ = {
			isa = PBXFrameworksBuildPhase;
			buildActionMask = 2147483647;
			files = (
			);
			runOnlyForDeploymentPostprocessing = 0;
		};
		4CE5E13A1BFD081100E0035A /* Frameworks */ = {
			isa = PBXFrameworksBuildPhase;
			buildActionMask = 2147483647;
			files = (
			);
			runOnlyForDeploymentPostprocessing = 0;
		};
/* End PBXFrameworksBuildPhase section */

/* Begin PBXGroup section */
		4CE5E10D1BFD081100E0035A = {
			isa = PBXGroup;
			children = (
				4CE5E1181BFD081100E0035A /* Modd */,
				4CE5E1351BFD081100E0035A /* ModdTests */,
				4CE5E1401BFD081200E0035A /* ModdUITests */,
				4CE5E1171BFD081100E0035A /* Products */,
				9893E0CC906C0213AFF44EA3 /* Pods */,
				50FBD41BEF15404263FD5487 /* Frameworks */,
			);
			sourceTree = "<group>";
		};
		4CE5E1171BFD081100E0035A /* Products */ = {
			isa = PBXGroup;
			children = (
				4CE5E1161BFD081100E0035A /* Modd.app */,
				4CE5E1321BFD081100E0035A /* ModdTests.xctest */,
				4CE5E13D1BFD081200E0035A /* ModdUITests.xctest */,
			);
			name = Products;
			sourceTree = "<group>";
		};
		4CE5E1181BFD081100E0035A /* Modd */ = {
			isa = PBXGroup;
			children = (
				4CE5E14F1BFD087B00E0035A /* Classes */,
				4CE5E1281BFD081100E0035A /* Assets.xcassets */,
				4CE5E12A1BFD081100E0035A /* LaunchScreen.storyboard */,
				4CE5E12D1BFD081100E0035A /* Info.plist */,
				4CE5E1251BFD081100E0035A /* Modd.xcdatamodeld */,
				4CE5E1191BFD081100E0035A /* Supporting Files */,
			);
			path = Modd;
			sourceTree = "<group>";
		};
		4CE5E1191BFD081100E0035A /* Supporting Files */ = {
			isa = PBXGroup;
			children = (
				4CE5E11A1BFD081100E0035A /* main.m */,
			);
			name = "Supporting Files";
			sourceTree = "<group>";
		};
		4CE5E1351BFD081100E0035A /* ModdTests */ = {
			isa = PBXGroup;
			children = (
				4CE5E1361BFD081100E0035A /* ModdTests.m */,
				4CE5E1381BFD081100E0035A /* Info.plist */,
			);
			path = ModdTests;
			sourceTree = "<group>";
		};
		4CE5E1401BFD081200E0035A /* ModdUITests */ = {
			isa = PBXGroup;
			children = (
				4CE5E1411BFD081200E0035A /* ModdUITests.m */,
				4CE5E1431BFD081200E0035A /* Info.plist */,
			);
			path = ModdUITests;
			sourceTree = "<group>";
		};
		4CE5E14F1BFD087B00E0035A /* Classes */ = {
			isa = PBXGroup;
			children = (
				4CE5E11C1BFD081100E0035A /* AppDelegate.h */,
				4CE5E11D1BFD081100E0035A /* AppDelegate.m */,
				4CE5E1521BFD089200E0035A /* Abstracts */,
				4CE5E1501BFD088400E0035A /* Views */,
				4CE5E1511BFD088B00E0035A /* VO */,
				4CE5E15B1BFD0B2A00E0035A /* Utils */,
			);
			name = Classes;
			sourceTree = "<group>";
		};
		4CE5E1501BFD088400E0035A /* Views */ = {
			isa = PBXGroup;
			children = (
				4CE5E1561BFD0ACE00E0035A /* Home */,
				4CE5E1571BFD0AD600E0035A /* Channel */,
			);
			name = Views;
			sourceTree = "<group>";
		};
		4CE5E1511BFD088B00E0035A /* VO */ = {
			isa = PBXGroup;
			children = (
				4CE5E1541BFD0A6C00E0035A /* ChannelVO.h */,
				4CE5E1531BFD0A6C00E0035A /* ChannelVO.m */,
			);
			name = VO;
			sourceTree = "<group>";
		};
		4CE5E1521BFD089200E0035A /* Abstracts */ = {
			isa = PBXGroup;
			children = (
				4CE5E1601BFD0BB500E0035A /* TableViewCell.h */,
				4CE5E15F1BFD0BB500E0035A /* TableViewCell.m */,
			);
			name = Abstracts;
			sourceTree = "<group>";
		};
		4CE5E1561BFD0ACE00E0035A /* Home */ = {
			isa = PBXGroup;
			children = (
				4CE5E1651BFD0E6400E0035A /* HomeViewCell.h */,
				4CE5E1641BFD0E6400E0035A /* HomeViewCell.m */,
				4CE5E11F1BFD081100E0035A /* HomeViewController.h */,
				4CE5E1201BFD081100E0035A /* HomeViewController.m */,
			);
			name = Home;
			sourceTree = "<group>";
		};
		4CE5E1571BFD0AD600E0035A /* Channel */ = {
			isa = PBXGroup;
			children = (
				4CE5E1581BFD0B0800E0035A /* ChannelViewController.h */,
				4CE5E1591BFD0B0800E0035A /* ChannelViewController.m */,
			);
			name = Channel;
			sourceTree = "<group>";
		};
		4CE5E15B1BFD0B2A00E0035A /* Utils */ = {
			isa = PBXGroup;
			children = (
				4CE5E15D1BFD0B4000E0035A /* FontAllocator.h */,
				4CE5E15C1BFD0B4000E0035A /* FontAllocator.m */,
			);
			name = Utils;
			sourceTree = "<group>";
		};
		50FBD41BEF15404263FD5487 /* Frameworks */ = {
			isa = PBXGroup;
			children = (
				CF189041CA9A90D01F14487F /* libPods-Modd.a */,
			);
			name = Frameworks;
			sourceTree = "<group>";
		};
		9893E0CC906C0213AFF44EA3 /* Pods */ = {
			isa = PBXGroup;
			children = (
				9F84616ECCD5F144799947F9 /* Pods-Modd.debug.xcconfig */,
				477E4BB7910E2F9829D997B1 /* Pods-Modd.release.xcconfig */,
			);
			name = Pods;
			sourceTree = "<group>";
		};
/* End PBXGroup section */

/* Begin PBXNativeTarget section */
		4CE5E1151BFD081100E0035A /* Modd */ = {
			isa = PBXNativeTarget;
			buildConfigurationList = 4CE5E1461BFD081200E0035A /* Build configuration list for PBXNativeTarget "Modd" */;
			buildPhases = (
				32A0D0C6412D816934790D94 /* Check Pods Manifest.lock */,
				4CE5E1121BFD081100E0035A /* Sources */,
				4CE5E1131BFD081100E0035A /* Frameworks */,
				4CE5E1141BFD081100E0035A /* Resources */,
				D91555E972EC7DD543D00470 /* Embed Pods Frameworks */,
				D525545C49B8EDC3E8C10FDE /* Copy Pods Resources */,
			);
			buildRules = (
			);
			dependencies = (
			);
			name = Modd;
			productName = Modd;
			productReference = 4CE5E1161BFD081100E0035A /* Modd.app */;
			productType = "com.apple.product-type.application";
		};
		4CE5E1311BFD081100E0035A /* ModdTests */ = {
			isa = PBXNativeTarget;
			buildConfigurationList = 4CE5E1491BFD081200E0035A /* Build configuration list for PBXNativeTarget "ModdTests" */;
			buildPhases = (
				4CE5E12E1BFD081100E0035A /* Sources */,
				4CE5E12F1BFD081100E0035A /* Frameworks */,
				4CE5E1301BFD081100E0035A /* Resources */,
			);
			buildRules = (
			);
			dependencies = (
				4CE5E1341BFD081100E0035A /* PBXTargetDependency */,
			);
			name = ModdTests;
			productName = ModdTests;
			productReference = 4CE5E1321BFD081100E0035A /* ModdTests.xctest */;
			productType = "com.apple.product-type.bundle.unit-test";
		};
		4CE5E13C1BFD081100E0035A /* ModdUITests */ = {
			isa = PBXNativeTarget;
			buildConfigurationList = 4CE5E14C1BFD081200E0035A /* Build configuration list for PBXNativeTarget "ModdUITests" */;
			buildPhases = (
				4CE5E1391BFD081100E0035A /* Sources */,
				4CE5E13A1BFD081100E0035A /* Frameworks */,
				4CE5E13B1BFD081100E0035A /* Resources */,
			);
			buildRules = (
			);
			dependencies = (
				4CE5E13F1BFD081200E0035A /* PBXTargetDependency */,
			);
			name = ModdUITests;
			productName = ModdUITests;
			productReference = 4CE5E13D1BFD081200E0035A /* ModdUITests.xctest */;
			productType = "com.apple.product-type.bundle.ui-testing";
		};
/* End PBXNativeTarget section */

/* Begin PBXProject section */
		4CE5E10E1BFD081100E0035A /* Project object */ = {
			isa = PBXProject;
			attributes = {
				LastUpgradeCheck = 0710;
				ORGANIZATIONNAME = "Built In Menlo";
				TargetAttributes = {
					4CE5E1151BFD081100E0035A = {
						CreatedOnToolsVersion = 7.1.1;
					};
					4CE5E1311BFD081100E0035A = {
						CreatedOnToolsVersion = 7.1.1;
						TestTargetID = 4CE5E1151BFD081100E0035A;
					};
					4CE5E13C1BFD081100E0035A = {
						CreatedOnToolsVersion = 7.1.1;
						TestTargetID = 4CE5E1151BFD081100E0035A;
					};
				};
			};
			buildConfigurationList = 4CE5E1111BFD081100E0035A /* Build configuration list for PBXProject "Modd" */;
			compatibilityVersion = "Xcode 3.2";
			developmentRegion = English;
			hasScannedForEncodings = 0;
			knownRegions = (
				en,
				Base,
			);
			mainGroup = 4CE5E10D1BFD081100E0035A;
			productRefGroup = 4CE5E1171BFD081100E0035A /* Products */;
			projectDirPath = "";
			projectRoot = "";
			targets = (
				4CE5E1151BFD081100E0035A /* Modd */,
				4CE5E1311BFD081100E0035A /* ModdTests */,
				4CE5E13C1BFD081100E0035A /* ModdUITests */,
			);
		};
/* End PBXProject section */

/* Begin PBXResourcesBuildPhase section */
		4CE5E1141BFD081100E0035A /* Resources */ = {
			isa = PBXResourcesBuildPhase;
			buildActionMask = 2147483647;
			files = (
				4CE5E12C1BFD081100E0035A /* LaunchScreen.storyboard in Resources */,
				4CE5E1291BFD081100E0035A /* Assets.xcassets in Resources */,
			);
			runOnlyForDeploymentPostprocessing = 0;
		};
		4CE5E1301BFD081100E0035A /* Resources */ = {
			isa = PBXResourcesBuildPhase;
			buildActionMask = 2147483647;
			files = (
			);
			runOnlyForDeploymentPostprocessing = 0;
		};
		4CE5E13B1BFD081100E0035A /* Resources */ = {
			isa = PBXResourcesBuildPhase;
			buildActionMask = 2147483647;
			files = (
			);
			runOnlyForDeploymentPostprocessing = 0;
		};
/* End PBXResourcesBuildPhase section */

/* Begin PBXShellScriptBuildPhase section */
		32A0D0C6412D816934790D94 /* Check Pods Manifest.lock */ = {
			isa = PBXShellScriptBuildPhase;
			buildActionMask = 2147483647;
			files = (
			);
			inputPaths = (
			);
			name = "Check Pods Manifest.lock";
			outputPaths = (
			);
			runOnlyForDeploymentPostprocessing = 0;
			shellPath = /bin/sh;
			shellScript = "diff \"${PODS_ROOT}/../Podfile.lock\" \"${PODS_ROOT}/Manifest.lock\" > /dev/null\nif [[ $? != 0 ]] ; then\n    cat << EOM\nerror: The sandbox is not in sync with the Podfile.lock. Run 'pod install' or update your CocoaPods installation.\nEOM\n    exit 1\nfi\n";
			showEnvVarsInLog = 0;
		};
		D525545C49B8EDC3E8C10FDE /* Copy Pods Resources */ = {
			isa = PBXShellScriptBuildPhase;
			buildActionMask = 2147483647;
			files = (
			);
			inputPaths = (
			);
			name = "Copy Pods Resources";
			outputPaths = (
			);
			runOnlyForDeploymentPostprocessing = 0;
			shellPath = /bin/sh;
			shellScript = "\"${SRCROOT}/Pods/Target Support Files/Pods-Modd/Pods-Modd-resources.sh\"\n";
			showEnvVarsInLog = 0;
		};
		D91555E972EC7DD543D00470 /* Embed Pods Frameworks */ = {
			isa = PBXShellScriptBuildPhase;
			buildActionMask = 2147483647;
			files = (
			);
			inputPaths = (
			);
			name = "Embed Pods Frameworks";
			outputPaths = (
			);
			runOnlyForDeploymentPostprocessing = 0;
			shellPath = /bin/sh;
			shellScript = "\"${SRCROOT}/Pods/Target Support Files/Pods-Modd/Pods-Modd-frameworks.sh\"\n";
			showEnvVarsInLog = 0;
		};
/* End PBXShellScriptBuildPhase section */

/* Begin PBXSourcesBuildPhase section */
		4CE5E1121BFD081100E0035A /* Sources */ = {
			isa = PBXSourcesBuildPhase;
			buildActionMask = 2147483647;
			files = (
				4CE5E15A1BFD0B0800E0035A /* ChannelViewController.m in Sources */,
				4CE5E1211BFD081100E0035A /* HomeViewController.m in Sources */,
				4CE5E1271BFD081100E0035A /* Modd.xcdatamodeld in Sources */,
				4CE5E15E1BFD0B4000E0035A /* FontAllocator.m in Sources */,
				4CE5E1661BFD0E6400E0035A /* HomeViewCell.m in Sources */,
				4CE5E11E1BFD081100E0035A /* AppDelegate.m in Sources */,
				4CE5E1611BFD0BB500E0035A /* TableViewCell.m in Sources */,
				4CE5E1551BFD0A6C00E0035A /* ChannelVO.m in Sources */,
				4CE5E11B1BFD081100E0035A /* main.m in Sources */,
			);
			runOnlyForDeploymentPostprocessing = 0;
		};
		4CE5E12E1BFD081100E0035A /* Sources */ = {
			isa = PBXSourcesBuildPhase;
			buildActionMask = 2147483647;
			files = (
				4CE5E1371BFD081100E0035A /* ModdTests.m in Sources */,
			);
			runOnlyForDeploymentPostprocessing = 0;
		};
		4CE5E1391BFD081100E0035A /* Sources */ = {
			isa = PBXSourcesBuildPhase;
			buildActionMask = 2147483647;
			files = (
				4CE5E1421BFD081200E0035A /* ModdUITests.m in Sources */,
			);
			runOnlyForDeploymentPostprocessing = 0;
		};
/* End PBXSourcesBuildPhase section */

/* Begin PBXTargetDependency section */
		4CE5E1341BFD081100E0035A /* PBXTargetDependency */ = {
			isa = PBXTargetDependency;
			target = 4CE5E1151BFD081100E0035A /* Modd */;
			targetProxy = 4CE5E1331BFD081100E0035A /* PBXContainerItemProxy */;
		};
		4CE5E13F1BFD081200E0035A /* PBXTargetDependency */ = {
			isa = PBXTargetDependency;
			target = 4CE5E1151BFD081100E0035A /* Modd */;
			targetProxy = 4CE5E13E1BFD081200E0035A /* PBXContainerItemProxy */;
		};
/* End PBXTargetDependency section */

/* Begin PBXVariantGroup section */
		4CE5E12A1BFD081100E0035A /* LaunchScreen.storyboard */ = {
			isa = PBXVariantGroup;
			children = (
				4CE5E12B1BFD081100E0035A /* Base */,
			);
			name = LaunchScreen.storyboard;
			sourceTree = "<group>";
		};
/* End PBXVariantGroup section */

/* Begin XCBuildConfiguration section */
		4CE5E1441BFD081200E0035A /* Debug */ = {
			isa = XCBuildConfiguration;
			buildSettings = {
				ALWAYS_SEARCH_USER_PATHS = NO;
				CLANG_CXX_LANGUAGE_STANDARD = "gnu++0x";
				CLANG_CXX_LIBRARY = "libc++";
				CLANG_ENABLE_MODULES = YES;
				CLANG_ENABLE_OBJC_ARC = YES;
				CLANG_WARN_BOOL_CONVERSION = YES;
				CLANG_WARN_CONSTANT_CONVERSION = YES;
				CLANG_WARN_DIRECT_OBJC_ISA_USAGE = YES_ERROR;
				CLANG_WARN_EMPTY_BODY = YES;
				CLANG_WARN_ENUM_CONVERSION = YES;
				CLANG_WARN_INT_CONVERSION = YES;
				CLANG_WARN_OBJC_ROOT_CLASS = YES_ERROR;
				CLANG_WARN_UNREACHABLE_CODE = YES;
				CLANG_WARN__DUPLICATE_METHOD_MATCH = YES;
				"CODE_SIGN_IDENTITY[sdk=iphoneos*]" = "iPhone Developer";
				COPY_PHASE_STRIP = NO;
				DEBUG_INFORMATION_FORMAT = dwarf;
				ENABLE_STRICT_OBJC_MSGSEND = YES;
				ENABLE_TESTABILITY = YES;
				GCC_C_LANGUAGE_STANDARD = gnu99;
				GCC_DYNAMIC_NO_PIC = NO;
				GCC_NO_COMMON_BLOCKS = YES;
				GCC_OPTIMIZATION_LEVEL = 0;
				GCC_PREPROCESSOR_DEFINITIONS = (
					"DEBUG=1",
					"$(inherited)",
				);
				GCC_WARN_64_TO_32_BIT_CONVERSION = YES;
				GCC_WARN_ABOUT_RETURN_TYPE = YES_ERROR;
				GCC_WARN_UNDECLARED_SELECTOR = YES;
				GCC_WARN_UNINITIALIZED_AUTOS = YES_AGGRESSIVE;
				GCC_WARN_UNUSED_FUNCTION = YES;
				GCC_WARN_UNUSED_VARIABLE = YES;
				IPHONEOS_DEPLOYMENT_TARGET = 9.1;
				MTL_ENABLE_DEBUG_INFO = YES;
				ONLY_ACTIVE_ARCH = YES;
				SDKROOT = iphoneos;
				TARGETED_DEVICE_FAMILY = "1,2";
			};
			name = Debug;
		};
		4CE5E1451BFD081200E0035A /* Release */ = {
			isa = XCBuildConfiguration;
			buildSettings = {
				ALWAYS_SEARCH_USER_PATHS = NO;
				CLANG_CXX_LANGUAGE_STANDARD = "gnu++0x";
				CLANG_CXX_LIBRARY = "libc++";
				CLANG_ENABLE_MODULES = YES;
				CLANG_ENABLE_OBJC_ARC = YES;
				CLANG_WARN_BOOL_CONVERSION = YES;
				CLANG_WARN_CONSTANT_CONVERSION = YES;
				CLANG_WARN_DIRECT_OBJC_ISA_USAGE = YES_ERROR;
				CLANG_WARN_EMPTY_BODY = YES;
				CLANG_WARN_ENUM_CONVERSION = YES;
				CLANG_WARN_INT_CONVERSION = YES;
				CLANG_WARN_OBJC_ROOT_CLASS = YES_ERROR;
				CLANG_WARN_UNREACHABLE_CODE = YES;
				CLANG_WARN__DUPLICATE_METHOD_MATCH = YES;
				"CODE_SIGN_IDENTITY[sdk=iphoneos*]" = "iPhone Developer";
				COPY_PHASE_STRIP = NO;
				DEBUG_INFORMATION_FORMAT = "dwarf-with-dsym";
				ENABLE_NS_ASSERTIONS = NO;
				ENABLE_STRICT_OBJC_MSGSEND = YES;
				GCC_C_LANGUAGE_STANDARD = gnu99;
				GCC_NO_COMMON_BLOCKS = YES;
				GCC_WARN_64_TO_32_BIT_CONVERSION = YES;
				GCC_WARN_ABOUT_RETURN_TYPE = YES_ERROR;
				GCC_WARN_UNDECLARED_SELECTOR = YES;
				GCC_WARN_UNINITIALIZED_AUTOS = YES_AGGRESSIVE;
				GCC_WARN_UNUSED_FUNCTION = YES;
				GCC_WARN_UNUSED_VARIABLE = YES;
				IPHONEOS_DEPLOYMENT_TARGET = 9.1;
				MTL_ENABLE_DEBUG_INFO = NO;
				SDKROOT = iphoneos;
				TARGETED_DEVICE_FAMILY = "1,2";
				VALIDATE_PRODUCT = YES;
			};
			name = Release;
		};
		4CE5E1471BFD081200E0035A /* Debug */ = {
			isa = XCBuildConfiguration;
			baseConfigurationReference = 9F84616ECCD5F144799947F9 /* Pods-Modd.debug.xcconfig */;
			buildSettings = {
				ASSETCATALOG_COMPILER_APPICON_NAME = AppIcon;
				INFOPLIST_FILE = Modd/Info.plist;
				LD_RUNPATH_SEARCH_PATHS = "$(inherited) @executable_path/Frameworks";
				PRODUCT_BUNDLE_IDENTIFIER = com.builtinmenlo.Modd;
				PRODUCT_NAME = "$(TARGET_NAME)";
			};
			name = Debug;
		};
		4CE5E1481BFD081200E0035A /* Release */ = {
			isa = XCBuildConfiguration;
			baseConfigurationReference = 477E4BB7910E2F9829D997B1 /* Pods-Modd.release.xcconfig */;
			buildSettings = {
				ASSETCATALOG_COMPILER_APPICON_NAME = AppIcon;
				INFOPLIST_FILE = Modd/Info.plist;
				LD_RUNPATH_SEARCH_PATHS = "$(inherited) @executable_path/Frameworks";
				PRODUCT_BUNDLE_IDENTIFIER = com.builtinmenlo.Modd;
				PRODUCT_NAME = "$(TARGET_NAME)";
			};
			name = Release;
		};
		4CE5E14A1BFD081200E0035A /* Debug */ = {
			isa = XCBuildConfiguration;
			buildSettings = {
				BUNDLE_LOADER = "$(TEST_HOST)";
				INFOPLIST_FILE = ModdTests/Info.plist;
				LD_RUNPATH_SEARCH_PATHS = "$(inherited) @executable_path/Frameworks @loader_path/Frameworks";
				PRODUCT_BUNDLE_IDENTIFIER = com.builtinmenlo.ModdTests;
				PRODUCT_NAME = "$(TARGET_NAME)";
				TEST_HOST = "$(BUILT_PRODUCTS_DIR)/Modd.app/Modd";
			};
			name = Debug;
		};
		4CE5E14B1BFD081200E0035A /* Release */ = {
			isa = XCBuildConfiguration;
			buildSettings = {
				BUNDLE_LOADER = "$(TEST_HOST)";
				INFOPLIST_FILE = ModdTests/Info.plist;
				LD_RUNPATH_SEARCH_PATHS = "$(inherited) @executable_path/Frameworks @loader_path/Frameworks";
				PRODUCT_BUNDLE_IDENTIFIER = com.builtinmenlo.ModdTests;
				PRODUCT_NAME = "$(TARGET_NAME)";
				TEST_HOST = "$(BUILT_PRODUCTS_DIR)/Modd.app/Modd";
			};
			name = Release;
		};
		4CE5E14D1BFD081200E0035A /* Debug */ = {
			isa = XCBuildConfiguration;
			buildSettings = {
				INFOPLIST_FILE = ModdUITests/Info.plist;
				LD_RUNPATH_SEARCH_PATHS = "$(inherited) @executable_path/Frameworks @loader_path/Frameworks";
				PRODUCT_BUNDLE_IDENTIFIER = com.builtinmenlo.ModdUITests;
				PRODUCT_NAME = "$(TARGET_NAME)";
				TEST_TARGET_NAME = Modd;
				USES_XCTRUNNER = YES;
			};
			name = Debug;
		};
		4CE5E14E1BFD081200E0035A /* Release */ = {
			isa = XCBuildConfiguration;
			buildSettings = {
				INFOPLIST_FILE = ModdUITests/Info.plist;
				LD_RUNPATH_SEARCH_PATHS = "$(inherited) @executable_path/Frameworks @loader_path/Frameworks";
				PRODUCT_BUNDLE_IDENTIFIER = com.builtinmenlo.ModdUITests;
				PRODUCT_NAME = "$(TARGET_NAME)";
				TEST_TARGET_NAME = Modd;
				USES_XCTRUNNER = YES;
			};
			name = Release;
		};
/* End XCBuildConfiguration section */

/* Begin XCConfigurationList section */
		4CE5E1111BFD081100E0035A /* Build configuration list for PBXProject "Modd" */ = {
			isa = XCConfigurationList;
			buildConfigurations = (
				4CE5E1441BFD081200E0035A /* Debug */,
				4CE5E1451BFD081200E0035A /* Release */,
			);
			defaultConfigurationIsVisible = 0;
			defaultConfigurationName = Release;
		};
		4CE5E1461BFD081200E0035A /* Build configuration list for PBXNativeTarget "Modd" */ = {
			isa = XCConfigurationList;
			buildConfigurations = (
				4CE5E1471BFD081200E0035A /* Debug */,
				4CE5E1481BFD081200E0035A /* Release */,
			);
			defaultConfigurationIsVisible = 0;
			defaultConfigurationName = Release;
		};
		4CE5E1491BFD081200E0035A /* Build configuration list for PBXNativeTarget "ModdTests" */ = {
			isa = XCConfigurationList;
			buildConfigurations = (
				4CE5E14A1BFD081200E0035A /* Debug */,
				4CE5E14B1BFD081200E0035A /* Release */,
			);
			defaultConfigurationIsVisible = 0;
			defaultConfigurationName = Release;
		};
		4CE5E14C1BFD081200E0035A /* Build configuration list for PBXNativeTarget "ModdUITests" */ = {
			isa = XCConfigurationList;
			buildConfigurations = (
				4CE5E14D1BFD081200E0035A /* Debug */,
				4CE5E14E1BFD081200E0035A /* Release */,
			);
			defaultConfigurationIsVisible = 0;
			defaultConfigurationName = Release;
		};
/* End XCConfigurationList section */

/* Begin XCVersionGroup section */
		4CE5E1251BFD081100E0035A /* Modd.xcdatamodeld */ = {
			isa = XCVersionGroup;
			children = (
				4CE5E1261BFD081100E0035A /* Modd.xcdatamodel */,
			);
			currentVersion = 4CE5E1261BFD081100E0035A /* Modd.xcdatamodel */;
			path = Modd.xcdatamodeld;
			sourceTree = "<group>";
			versionGroupType = wrapper.xcdatamodel;
		};
/* End XCVersionGroup section */
	};
	rootObject = 4CE5E10E1BFD081100E0035A /* Project object */;
}
